
Microsoft Visual Studio Solution File, Format Version 12.00
# Visual Studio Version 17
VisualStudioVersion = 17.14.36203.30
MinimumVisualStudioVersion = 10.0.40219.1
Project("{FAE04EC0-301F-11D3-BF4B-00C04F79EFBC}") = "Hotel Booking", "Hotel Booking\Hotel Booking.csproj", "{D9C626E2-34AB-4DA2-98BD-98509CBE22D7}"
EndProject
Global
	GlobalSection(SolutionConfigurationPlatforms) = preSolution
		Debug|Any CPU = Debug|Any CPU
		Release|Any CPU = Release|Any CPU
	EndGlobalSection
	GlobalSection(ProjectConfigurationPlatforms) = postSolution
		{D9C626E2-34AB-4DA2-98BD-98509CBE22D7}.Debug|Any CPU.ActiveCfg = Debug|Any CPU
		{D9C626E2-34AB-4DA2-98BD-98509CBE22D7}.Debug|Any CPU.Build.0 = Debug|Any CPU
		{D9C626E2-34AB-4DA2-98BD-98509CBE22D7}.Release|Any CPU.ActiveCfg = Release|Any CPU
		{D9C626E2-34AB-4DA2-98BD-98509CBE22D7}.Release|Any CPU.Build.0 = Release|Any CPU
	EndGlobalSection
	GlobalSection(SolutionProperties) = preSolution
		HideSolutionNode = FALSE
	EndGlobalSection
	GlobalSection(ExtensibilityGlobals) = postSolution
		SolutionGuid = {C94C11FA-05AF-4F45-B219-E25AD04DB461}
	EndGlobalSection
EndGlobal
